
Microsoft Visual Studio Solution File, Format Version 12.00
# Visual Studio Version 16
VisualStudioVersion = 16.0.28803.452
MinimumVisualStudioVersion = 10.0.40219.1
Project("{FAE04EC0-301F-11D3-BF4B-00C04F79EFBC}") = "WebBlog", "WebBlog\WebBlog.csproj", "{3E84C2FC-5491-435B-B7F3-93C531116366}"
EndProject
Project("{FAE04EC0-301F-11D3-BF4B-00C04F79EFBC}") = "Test", "Test\Test.csproj", "{AD2C6B11-23A1-4400-A4FF-2DC8F951B0BF}"
EndProject
Global
	GlobalSection(SolutionConfigurationPlatforms) = preSolution
		Debug|Any CPU = Debug|Any CPU
		Release|Any CPU = Release|Any CPU
	EndGlobalSection
	GlobalSection(ProjectConfigurationPlatforms) = postSolution
		{3E84C2FC-5491-435B-B7F3-93C531116366}.Debug|Any CPU.ActiveCfg = Debug|Any CPU
		{3E84C2FC-5491-435B-B7F3-93C531116366}.Debug|Any CPU.Build.0 = Debug|Any CPU
		{3E84C2FC-5491-435B-B7F3-93C531116366}.Release|Any CPU.ActiveCfg = Release|Any CPU
		{3E84C2FC-5491-435B-B7F3-93C531116366}.Release|Any CPU.Build.0 = Release|Any CPU
		{AD2C6B11-23A1-4400-A4FF-2DC8F951B0BF}.Debug|Any CPU.ActiveCfg = Debug|Any CPU
		{AD2C6B11-23A1-4400-A4FF-2DC8F951B0BF}.Debug|Any CPU.Build.0 = Debug|Any CPU
		{AD2C6B11-23A1-4400-A4FF-2DC8F951B0BF}.Release|Any CPU.ActiveCfg = Release|Any CPU
		{AD2C6B11-23A1-4400-A4FF-2DC8F951B0BF}.Release|Any CPU.Build.0 = Release|Any CPU
	EndGlobalSection
	GlobalSection(SolutionProperties) = preSolution
		HideSolutionNode = FALSE
	EndGlobalSection
	GlobalSection(ExtensibilityGlobals) = postSolution
		SolutionGuid = {D3A63245-7E96-401F-B20E-7D3CE381C7A8}
	EndGlobalSection
EndGlobal
